
Microsoft Visual Studio Solution File, Format Version 12.00
# Visual Studio 15
VisualStudioVersion = 15.0.28307.168
MinimumVisualStudioVersion = 10.0.40219.1
Project("{262852C6-CD72-467D-83FE-5EEB1973A190}") = "C0744156-Week08", "C0744156-Week08\C0744156-Week08.jsproj", "{DFF0F1BD-FC8F-40EC-B42A-A9FF8F4FD26D}"
EndProject
Global
	GlobalSection(SolutionConfigurationPlatforms) = preSolution
		Debug|Any CPU = Debug|Any CPU
		Debug|ARM = Debug|ARM
		Debug|ARM64 = Debug|ARM64
		Debug|x64 = Debug|x64
		Debug|x86 = Debug|x86
		Release|Any CPU = Release|Any CPU
		Release|ARM = Release|ARM
		Release|ARM64 = Release|ARM64
		Release|x64 = Release|x64
		Release|x86 = Release|x86
	EndGlobalSection
	GlobalSection(ProjectConfigurationPlatforms) = postSolution
		{DFF0F1BD-FC8F-40EC-B42A-A9FF8F4FD26D}.Debug|Any CPU.ActiveCfg = Debug|Any CPU
		{DFF0F1BD-FC8F-40EC-B42A-A9FF8F4FD26D}.Debug|Any CPU.Build.0 = Debug|Any CPU
		{DFF0F1BD-FC8F-40EC-B42A-A9FF8F4FD26D}.Debug|Any CPU.Deploy.0 = Debug|Any CPU
		{DFF0F1BD-FC8F-40EC-B42A-A9FF8F4FD26D}.Debug|ARM.ActiveCfg = Debug|ARM
		{DFF0F1BD-FC8F-40EC-B42A-A9FF8F4FD26D}.Debug|ARM.Build.0 = Debug|ARM
		{DFF0F1BD-FC8F-40EC-B42A-A9FF8F4FD26D}.Debug|ARM.Deploy.0 = Debug|ARM
		{DFF0F1BD-FC8F-40EC-B42A-A9FF8F4FD26D}.Debug|ARM64.ActiveCfg = Debug|ARM64
		{DFF0F1BD-FC8F-40EC-B42A-A9FF8F4FD26D}.Debug|ARM64.Build.0 = Debug|ARM64
		{DFF0F1BD-FC8F-40EC-B42A-A9FF8F4FD26D}.Debug|ARM64.Deploy.0 = Debug|ARM64
		{DFF0F1BD-FC8F-40EC-B42A-A9FF8F4FD26D}.Debug|x64.ActiveCfg = Debug|x64
		{DFF0F1BD-FC8F-40EC-B42A-A9FF8F4FD26D}.Debug|x64.Build.0 = Debug|x64
		{DFF0F1BD-FC8F-40EC-B42A-A9FF8F4FD26D}.Debug|x64.Deploy.0 = Debug|x64
		{DFF0F1BD-FC8F-40EC-B42A-A9FF8F4FD26D}.Debug|x86.ActiveCfg = Debug|x86
		{DFF0F1BD-FC8F-40EC-B42A-A9FF8F4FD26D}.Debug|x86.Build.0 = Debug|x86
		{DFF0F1BD-FC8F-40EC-B42A-A9FF8F4FD26D}.Debug|x86.Deploy.0 = Debug|x86
		{DFF0F1BD-FC8F-40EC-B42A-A9FF8F4FD26D}.Release|Any CPU.ActiveCfg = Release|Any CPU
		{DFF0F1BD-FC8F-40EC-B42A-A9FF8F4FD26D}.Release|Any CPU.Build.0 = Release|Any CPU
		{DFF0F1BD-FC8F-40EC-B42A-A9FF8F4FD26D}.Release|Any CPU.Deploy.0 = Release|Any CPU
		{DFF0F1BD-FC8F-40EC-B42A-A9FF8F4FD26D}.Release|ARM.ActiveCfg = Release|ARM
		{DFF0F1BD-FC8F-40EC-B42A-A9FF8F4FD26D}.Release|ARM.Build.0 = Release|ARM
		{DFF0F1BD-FC8F-40EC-B42A-A9FF8F4FD26D}.Release|ARM.Deploy.0 = Release|ARM
		{DFF0F1BD-FC8F-40EC-B42A-A9FF8F4FD26D}.Release|ARM64.ActiveCfg = Release|ARM64
		{DFF0F1BD-FC8F-40EC-B42A-A9FF8F4FD26D}.Release|ARM64.Build.0 = Release|ARM64
		{DFF0F1BD-FC8F-40EC-B42A-A9FF8F4FD26D}.Release|ARM64.Deploy.0 = Release|ARM64
		{DFF0F1BD-FC8F-40EC-B42A-A9FF8F4FD26D}.Release|x64.ActiveCfg = Release|x64
		{DFF0F1BD-FC8F-40EC-B42A-A9FF8F4FD26D}.Release|x64.Build.0 = Release|x64
		{DFF0F1BD-FC8F-40EC-B42A-A9FF8F4FD26D}.Release|x64.Deploy.0 = Release|x64
		{DFF0F1BD-FC8F-40EC-B42A-A9FF8F4FD26D}.Release|x86.ActiveCfg = Release|x86
		{DFF0F1BD-FC8F-40EC-B42A-A9FF8F4FD26D}.Release|x86.Build.0 = Release|x86
		{DFF0F1BD-FC8F-40EC-B42A-A9FF8F4FD26D}.Release|x86.Deploy.0 = Release|x86
	EndGlobalSection
	GlobalSection(SolutionProperties) = preSolution
		HideSolutionNode = FALSE
	EndGlobalSection
	GlobalSection(ExtensibilityGlobals) = postSolution
		SolutionGuid = {1AB82B46-886F-4EAE-A889-ECB5572C2340}
	EndGlobalSection
EndGlobal
